// !$*UTF8*$!
{
	archiveVersion = 1;
	classes = {
	};
	objectVersion = 56;
	objects = {

/* Begin PBXBuildFile section */
		18C549832B97898600AAACE0 /* Coordinator.swift in Sources */ = {isa = PBXBuildFile; fileRef = 18C549822B97898600AAACE0 /* Coordinator.swift */; };
		18C549852B9789F600AAACE0 /* BaseCoordinator.swift in Sources */ = {isa = PBXBuildFile; fileRef = 18C549842B9789F600AAACE0 /* BaseCoordinator.swift */; };
		18C549882B97918C00AAACE0 /* Router.swift in Sources */ = {isa = PBXBuildFile; fileRef = 18C549872B97918C00AAACE0 /* Router.swift */; };
		18C5498A2B9792B500AAACE0 /* DefaultRouter.swift in Sources */ = {isa = PBXBuildFile; fileRef = 18C549892B9792B500AAACE0 /* DefaultRouter.swift */; };
		18C5498C2B97944B00AAACE0 /* NavigationController.swift in Sources */ = {isa = PBXBuildFile; fileRef = 18C5498B2B97944B00AAACE0 /* NavigationController.swift */; };
		18C5498E2B9794F300AAACE0 /* AppCoordinator.swift in Sources */ = {isa = PBXBuildFile; fileRef = 18C5498D2B9794F300AAACE0 /* AppCoordinator.swift */; };
		18C549912B97960F00AAACE0 /* OnboardingViewModel.swift in Sources */ = {isa = PBXBuildFile; fileRef = 18C549902B97960F00AAACE0 /* OnboardingViewModel.swift */; };
		18C549932B9796C600AAACE0 /* GuestFlowCoordinator.swift in Sources */ = {isa = PBXBuildFile; fileRef = 18C549922B9796C600AAACE0 /* GuestFlowCoordinator.swift */; };
		18C549972B979E0E00AAACE0 /* MainCoordinator.swift in Sources */ = {isa = PBXBuildFile; fileRef = 18C549962B979E0E00AAACE0 /* MainCoordinator.swift */; };
		18C5499A2B979EE000AAACE0 /* HomeCoordinator.swift in Sources */ = {isa = PBXBuildFile; fileRef = 18C549992B979EE000AAACE0 /* HomeCoordinator.swift */; };
		18C5499C2B97A15700AAACE0 /* SearchCoordinator.swift in Sources */ = {isa = PBXBuildFile; fileRef = 18C5499B2B97A15700AAACE0 /* SearchCoordinator.swift */; };
		18C5499E2B97A16500AAACE0 /* FavoritesCoordinator.swift in Sources */ = {isa = PBXBuildFile; fileRef = 18C5499D2B97A16500AAACE0 /* FavoritesCoordinator.swift */; };
		18C549A02B97A17500AAACE0 /* ProfileCoordinator.swift in Sources */ = {isa = PBXBuildFile; fileRef = 18C5499F2B97A17500AAACE0 /* ProfileCoordinator.swift */; };
		18C549A32B983CC200AAACE0 /* DependencyHelper.swift in Sources */ = {isa = PBXBuildFile; fileRef = 18C549A22B983CC200AAACE0 /* DependencyHelper.swift */; };
		18C549A52B983E3C00AAACE0 /* AuthenticationDelegate.swift in Sources */ = {isa = PBXBuildFile; fileRef = 18C549A42B983E3C00AAACE0 /* AuthenticationDelegate.swift */; };
		18C549A82B983E9400AAACE0 /* AlamofireNetworkService.swift in Sources */ = {isa = PBXBuildFile; fileRef = 18C549A72B983E9400AAACE0 /* AlamofireNetworkService.swift */; };
		18C549AA2B983EA800AAACE0 /* NetworkService.swift in Sources */ = {isa = PBXBuildFile; fileRef = 18C549A92B983EA800AAACE0 /* NetworkService.swift */; };
		18C549AC2B9841B100AAACE0 /* Endpoints.swift in Sources */ = {isa = PBXBuildFile; fileRef = 18C549AB2B9841B100AAACE0 /* Endpoints.swift */; };
		18EAC94E2B6794F200982741 /* AppDelegate.swift in Sources */ = {isa = PBXBuildFile; fileRef = 18EAC94D2B6794F200982741 /* AppDelegate.swift */; };
		18EAC9502B6794F200982741 /* SceneDelegate.swift in Sources */ = {isa = PBXBuildFile; fileRef = 18EAC94F2B6794F200982741 /* SceneDelegate.swift */; };
		18EAC9522B6794F200982741 /* OnboardingViewController.swift in Sources */ = {isa = PBXBuildFile; fileRef = 18EAC9512B6794F200982741 /* OnboardingViewController.swift */; };
		18EAC9572B6794F300982741 /* Assets.xcassets in Resources */ = {isa = PBXBuildFile; fileRef = 18EAC9562B6794F300982741 /* Assets.xcassets */; };
		18EAC95A2B6794F300982741 /* LaunchScreen.storyboard in Resources */ = {isa = PBXBuildFile; fileRef = 18EAC9582B6794F300982741 /* LaunchScreen.storyboard */; };
		18EAC9662B6797C500982741 /* OnboardingCell.swift in Sources */ = {isa = PBXBuildFile; fileRef = 18EAC9652B6797C500982741 /* OnboardingCell.swift */; };
		18EAC9692B67983B00982741 /* OnboardingItem.swift in Sources */ = {isa = PBXBuildFile; fileRef = 18EAC9682B67983B00982741 /* OnboardingItem.swift */; };
		18EAC96C2B679A4000982741 /* ReusableCell.swift in Sources */ = {isa = PBXBuildFile; fileRef = 18EAC96B2B679A4000982741 /* ReusableCell.swift */; };
		18EAC9742B679B8200982741 /* SF-Pro-Display-Medium.otf in Resources */ = {isa = PBXBuildFile; fileRef = 18EAC96F2B679B8200982741 /* SF-Pro-Display-Medium.otf */; };
		18EAC9752B679B8200982741 /* SF-Pro-Display-Semibold.otf in Resources */ = {isa = PBXBuildFile; fileRef = 18EAC9702B679B8200982741 /* SF-Pro-Display-Semibold.otf */; };
		18EAC9762B679B8200982741 /* SF-Pro-Display-Bold.otf in Resources */ = {isa = PBXBuildFile; fileRef = 18EAC9712B679B8200982741 /* SF-Pro-Display-Bold.otf */; };
		18EAC9772B679B8200982741 /* SF-Pro-Display-Light.otf in Resources */ = {isa = PBXBuildFile; fileRef = 18EAC9722B679B8200982741 /* SF-Pro-Display-Light.otf */; };
		18EAC9782B679B8200982741 /* SF-Pro-Display-Regular.otf in Resources */ = {isa = PBXBuildFile; fileRef = 18EAC9732B679B8200982741 /* SF-Pro-Display-Regular.otf */; };
		18EAC97A2B679B9500982741 /* UIFont+Extension.swift in Sources */ = {isa = PBXBuildFile; fileRef = 18EAC9792B679B9500982741 /* UIFont+Extension.swift */; };
		18EAC97C2B679E6800982741 /* UIView+Extension.swift in Sources */ = {isa = PBXBuildFile; fileRef = 18EAC97B2B679E6800982741 /* UIView+Extension.swift */; };
		18EAC97F2B67B85200982741 /* BaseButton.swift in Sources */ = {isa = PBXBuildFile; fileRef = 18EAC97E2B67B85200982741 /* BaseButton.swift */; };
		18EAC9812B67C05500982741 /* NSObject+Extension.swift in Sources */ = {isa = PBXBuildFile; fileRef = 18EAC9802B67C05500982741 /* NSObject+Extension.swift */; };
		18EAC9842B67C48D00982741 /* LoginViewController.swift in Sources */ = {isa = PBXBuildFile; fileRef = 18EAC9832B67C48D00982741 /* LoginViewController.swift */; };
		18EAC9882B67CACC00982741 /* TextField.swift in Sources */ = {isa = PBXBuildFile; fileRef = 18EAC9872B67CACC00982741 /* TextField.swift */; };
		18EAC98A2B67CED700982741 /* TextFieldView.swift in Sources */ = {isa = PBXBuildFile; fileRef = 18EAC9892B67CED700982741 /* TextFieldView.swift */; };
		18EAC98C2B67D6B800982741 /* UIStackView+Extension.swift in Sources */ = {isa = PBXBuildFile; fileRef = 18EAC98B2B67D6B800982741 /* UIStackView+Extension.swift */; };
		18EAC98E2B67DE3300982741 /* RegistrationViewController.swift in Sources */ = {isa = PBXBuildFile; fileRef = 18EAC98D2B67DE3300982741 /* RegistrationViewController.swift */; };
		18EAC9932B680E1C00982741 /* ProfileViewController.swift in Sources */ = {isa = PBXBuildFile; fileRef = 18EAC9922B680E1C00982741 /* ProfileViewController.swift */; };
		18EAC9962B680E3300982741 /* FavoritesViewController.swift in Sources */ = {isa = PBXBuildFile; fileRef = 18EAC9952B680E3300982741 /* FavoritesViewController.swift */; };
		18EAC9992B680E4B00982741 /* SearchViewController.swift in Sources */ = {isa = PBXBuildFile; fileRef = 18EAC9982B680E4B00982741 /* SearchViewController.swift */; };
		18EAC99C2B680E6600982741 /* HomeViewController.swift in Sources */ = {isa = PBXBuildFile; fileRef = 18EAC99B2B680E6600982741 /* HomeViewController.swift */; };
		18EAC9A12B682E1400982741 /* AuthenticationService.swift in Sources */ = {isa = PBXBuildFile; fileRef = 18EAC9A02B682E1400982741 /* AuthenticationService.swift */; };
		18EAC9A32B68306300982741 /* LogoutModalViewController.swift in Sources */ = {isa = PBXBuildFile; fileRef = 18EAC9A22B68306300982741 /* LogoutModalViewController.swift */; };
		81EE3357B4867D9188B80C83 /* Pods_Ozinshe.framework in Frameworks */ = {isa = PBXBuildFile; fileRef = 7E6E3E051D81757F924EF4A2 /* Pods_Ozinshe.framework */; };
/* End PBXBuildFile section */

/* Begin PBXFileReference section */
		18C549822B97898600AAACE0 /* Coordinator.swift */ = {isa = PBXFileReference; lastKnownFileType = sourcecode.swift; path = Coordinator.swift; sourceTree = "<group>"; };
		18C549842B9789F600AAACE0 /* BaseCoordinator.swift */ = {isa = PBXFileReference; lastKnownFileType = sourcecode.swift; path = BaseCoordinator.swift; sourceTree = "<group>"; };
		18C549872B97918C00AAACE0 /* Router.swift */ = {isa = PBXFileReference; lastKnownFileType = sourcecode.swift; path = Router.swift; sourceTree = "<group>"; };
		18C549892B9792B500AAACE0 /* DefaultRouter.swift */ = {isa = PBXFileReference; lastKnownFileType = sourcecode.swift; path = DefaultRouter.swift; sourceTree = "<group>"; };
		18C5498B2B97944B00AAACE0 /* NavigationController.swift */ = {isa = PBXFileReference; lastKnownFileType = sourcecode.swift; path = NavigationController.swift; sourceTree = "<group>"; };
		18C5498D2B9794F300AAACE0 /* AppCoordinator.swift */ = {isa = PBXFileReference; lastKnownFileType = sourcecode.swift; path = AppCoordinator.swift; sourceTree = "<group>"; };
		18C549902B97960F00AAACE0 /* OnboardingViewModel.swift */ = {isa = PBXFileReference; lastKnownFileType = sourcecode.swift; path = OnboardingViewModel.swift; sourceTree = "<group>"; };
		18C549922B9796C600AAACE0 /* GuestFlowCoordinator.swift */ = {isa = PBXFileReference; lastKnownFileType = sourcecode.swift; path = GuestFlowCoordinator.swift; sourceTree = "<group>"; };
		18C549962B979E0E00AAACE0 /* MainCoordinator.swift */ = {isa = PBXFileReference; lastKnownFileType = sourcecode.swift; path = MainCoordinator.swift; sourceTree = "<group>"; };
		18C549992B979EE000AAACE0 /* HomeCoordinator.swift */ = {isa = PBXFileReference; lastKnownFileType = sourcecode.swift; path = HomeCoordinator.swift; sourceTree = "<group>"; };
		18C5499B2B97A15700AAACE0 /* SearchCoordinator.swift */ = {isa = PBXFileReference; lastKnownFileType = sourcecode.swift; path = SearchCoordinator.swift; sourceTree = "<group>"; };
		18C5499D2B97A16500AAACE0 /* FavoritesCoordinator.swift */ = {isa = PBXFileReference; lastKnownFileType = sourcecode.swift; path = FavoritesCoordinator.swift; sourceTree = "<group>"; };
		18C5499F2B97A17500AAACE0 /* ProfileCoordinator.swift */ = {isa = PBXFileReference; lastKnownFileType = sourcecode.swift; path = ProfileCoordinator.swift; sourceTree = "<group>"; };
		18C549A22B983CC200AAACE0 /* DependencyHelper.swift */ = {isa = PBXFileReference; lastKnownFileType = sourcecode.swift; path = DependencyHelper.swift; sourceTree = "<group>"; };
		18C549A42B983E3C00AAACE0 /* AuthenticationDelegate.swift */ = {isa = PBXFileReference; lastKnownFileType = sourcecode.swift; path = AuthenticationDelegate.swift; sourceTree = "<group>"; };
		18C549A72B983E9400AAACE0 /* AlamofireNetworkService.swift */ = {isa = PBXFileReference; lastKnownFileType = sourcecode.swift; path = AlamofireNetworkService.swift; sourceTree = "<group>"; };
		18C549A92B983EA800AAACE0 /* NetworkService.swift */ = {isa = PBXFileReference; lastKnownFileType = sourcecode.swift; path = NetworkService.swift; sourceTree = "<group>"; };
		18C549AB2B9841B100AAACE0 /* Endpoints.swift */ = {isa = PBXFileReference; lastKnownFileType = sourcecode.swift; path = Endpoints.swift; sourceTree = "<group>"; };
		18EAC94A2B6794F200982741 /* Ozinshe.app */ = {isa = PBXFileReference; explicitFileType = wrapper.application; includeInIndex = 0; path = Ozinshe.app; sourceTree = BUILT_PRODUCTS_DIR; };
		18EAC94D2B6794F200982741 /* AppDelegate.swift */ = {isa = PBXFileReference; lastKnownFileType = sourcecode.swift; path = AppDelegate.swift; sourceTree = "<group>"; };
		18EAC94F2B6794F200982741 /* SceneDelegate.swift */ = {isa = PBXFileReference; lastKnownFileType = sourcecode.swift; path = SceneDelegate.swift; sourceTree = "<group>"; };
		18EAC9512B6794F200982741 /* OnboardingViewController.swift */ = {isa = PBXFileReference; lastKnownFileType = sourcecode.swift; path = OnboardingViewController.swift; sourceTree = "<group>"; };
		18EAC9562B6794F300982741 /* Assets.xcassets */ = {isa = PBXFileReference; lastKnownFileType = folder.assetcatalog; path = Assets.xcassets; sourceTree = "<group>"; };
		18EAC9592B6794F300982741 /* Base */ = {isa = PBXFileReference; lastKnownFileType = file.storyboard; name = Base; path = Base.lproj/LaunchScreen.storyboard; sourceTree = "<group>"; };
		18EAC95B2B6794F300982741 /* Info.plist */ = {isa = PBXFileReference; lastKnownFileType = text.plist.xml; path = Info.plist; sourceTree = "<group>"; };
		18EAC9652B6797C500982741 /* OnboardingCell.swift */ = {isa = PBXFileReference; lastKnownFileType = sourcecode.swift; path = OnboardingCell.swift; sourceTree = "<group>"; };
		18EAC9682B67983B00982741 /* OnboardingItem.swift */ = {isa = PBXFileReference; lastKnownFileType = sourcecode.swift; path = OnboardingItem.swift; sourceTree = "<group>"; };
		18EAC96B2B679A4000982741 /* ReusableCell.swift */ = {isa = PBXFileReference; fileEncoding = 4; lastKnownFileType = sourcecode.swift; path = ReusableCell.swift; sourceTree = "<group>"; };
		18EAC96F2B679B8200982741 /* SF-Pro-Display-Medium.otf */ = {isa = PBXFileReference; lastKnownFileType = file; path = "SF-Pro-Display-Medium.otf"; sourceTree = "<group>"; };
		18EAC9702B679B8200982741 /* SF-Pro-Display-Semibold.otf */ = {isa = PBXFileReference; lastKnownFileType = file; path = "SF-Pro-Display-Semibold.otf"; sourceTree = "<group>"; };
		18EAC9712B679B8200982741 /* SF-Pro-Display-Bold.otf */ = {isa = PBXFileReference; lastKnownFileType = file; path = "SF-Pro-Display-Bold.otf"; sourceTree = "<group>"; };
		18EAC9722B679B8200982741 /* SF-Pro-Display-Light.otf */ = {isa = PBXFileReference; lastKnownFileType = file; path = "SF-Pro-Display-Light.otf"; sourceTree = "<group>"; };
		18EAC9732B679B8200982741 /* SF-Pro-Display-Regular.otf */ = {isa = PBXFileReference; lastKnownFileType = file; path = "SF-Pro-Display-Regular.otf"; sourceTree = "<group>"; };
		18EAC9792B679B9500982741 /* UIFont+Extension.swift */ = {isa = PBXFileReference; lastKnownFileType = sourcecode.swift; path = "UIFont+Extension.swift"; sourceTree = "<group>"; };
		18EAC97B2B679E6800982741 /* UIView+Extension.swift */ = {isa = PBXFileReference; lastKnownFileType = sourcecode.swift; path = "UIView+Extension.swift"; sourceTree = "<group>"; };
		18EAC97E2B67B85200982741 /* BaseButton.swift */ = {isa = PBXFileReference; lastKnownFileType = sourcecode.swift; path = BaseButton.swift; sourceTree = "<group>"; };
		18EAC9802B67C05500982741 /* NSObject+Extension.swift */ = {isa = PBXFileReference; lastKnownFileType = sourcecode.swift; path = "NSObject+Extension.swift"; sourceTree = "<group>"; };
		18EAC9832B67C48D00982741 /* LoginViewController.swift */ = {isa = PBXFileReference; lastKnownFileType = sourcecode.swift; path = LoginViewController.swift; sourceTree = "<group>"; };
		18EAC9872B67CACC00982741 /* TextField.swift */ = {isa = PBXFileReference; lastKnownFileType = sourcecode.swift; path = TextField.swift; sourceTree = "<group>"; };
		18EAC9892B67CED700982741 /* TextFieldView.swift */ = {isa = PBXFileReference; lastKnownFileType = sourcecode.swift; path = TextFieldView.swift; sourceTree = "<group>"; };
		18EAC98B2B67D6B800982741 /* UIStackView+Extension.swift */ = {isa = PBXFileReference; lastKnownFileType = sourcecode.swift; path = "UIStackView+Extension.swift"; sourceTree = "<group>"; };
		18EAC98D2B67DE3300982741 /* RegistrationViewController.swift */ = {isa = PBXFileReference; lastKnownFileType = sourcecode.swift; path = RegistrationViewController.swift; sourceTree = "<group>"; };
		18EAC9922B680E1C00982741 /* ProfileViewController.swift */ = {isa = PBXFileReference; lastKnownFileType = sourcecode.swift; path = ProfileViewController.swift; sourceTree = "<group>"; };
		18EAC9952B680E3300982741 /* FavoritesViewController.swift */ = {isa = PBXFileReference; lastKnownFileType = sourcecode.swift; path = FavoritesViewController.swift; sourceTree = "<group>"; };
		18EAC9982B680E4B00982741 /* SearchViewController.swift */ = {isa = PBXFileReference; lastKnownFileType = sourcecode.swift; path = SearchViewController.swift; sourceTree = "<group>"; };
		18EAC99B2B680E6600982741 /* HomeViewController.swift */ = {isa = PBXFileReference; lastKnownFileType = sourcecode.swift; path = HomeViewController.swift; sourceTree = "<group>"; };
		18EAC9A02B682E1400982741 /* AuthenticationService.swift */ = {isa = PBXFileReference; lastKnownFileType = sourcecode.swift; path = AuthenticationService.swift; sourceTree = "<group>"; };
		18EAC9A22B68306300982741 /* LogoutModalViewController.swift */ = {isa = PBXFileReference; lastKnownFileType = sourcecode.swift; path = LogoutModalViewController.swift; sourceTree = "<group>"; };
		1EF6335EF333F177CEBB4514 /* Pods-Ozinshe.release.xcconfig */ = {isa = PBXFileReference; includeInIndex = 1; lastKnownFileType = text.xcconfig; name = "Pods-Ozinshe.release.xcconfig"; path = "Target Support Files/Pods-Ozinshe/Pods-Ozinshe.release.xcconfig"; sourceTree = "<group>"; };
		7E6E3E051D81757F924EF4A2 /* Pods_Ozinshe.framework */ = {isa = PBXFileReference; explicitFileType = wrapper.framework; includeInIndex = 0; path = Pods_Ozinshe.framework; sourceTree = BUILT_PRODUCTS_DIR; };
		C4C885B44E76413FB8023239 /* Pods-Ozinshe.debug.xcconfig */ = {isa = PBXFileReference; includeInIndex = 1; lastKnownFileType = text.xcconfig; name = "Pods-Ozinshe.debug.xcconfig"; path = "Target Support Files/Pods-Ozinshe/Pods-Ozinshe.debug.xcconfig"; sourceTree = "<group>"; };
/* End PBXFileReference section */

/* Begin PBXFrameworksBuildPhase section */
		18EAC9472B6794F200982741 /* Frameworks */ = {
			isa = PBXFrameworksBuildPhase;
			buildActionMask = 2147483647;
			files = (
				81EE3357B4867D9188B80C83 /* Pods_Ozinshe.framework in Frameworks */,
			);
			runOnlyForDeploymentPostprocessing = 0;
		};
/* End PBXFrameworksBuildPhase section */

/* Begin PBXGroup section */
		18C549812B97897C00AAACE0 /* Navigation */ = {
			isa = PBXGroup;
			children = (
				18C549A12B983B6400AAACE0 /* Coordinator */,
				18C549862B97918400AAACE0 /* Router */,
			);
			path = Navigation;
			sourceTree = "<group>";
		};
		18C549862B97918400AAACE0 /* Router */ = {
			isa = PBXGroup;
			children = (
				18C549872B97918C00AAACE0 /* Router.swift */,
				18C549892B9792B500AAACE0 /* DefaultRouter.swift */,
			);
			path = Router;
			sourceTree = "<group>";
		};
		18C5498F2B97960600AAACE0 /* ViewModels */ = {
			isa = PBXGroup;
			children = (
				18C549902B97960F00AAACE0 /* OnboardingViewModel.swift */,
			);
			path = ViewModels;
			sourceTree = "<group>";
		};
		18C549982B979ED400AAACE0 /* Main */ = {
			isa = PBXGroup;
			children = (
				18C549962B979E0E00AAACE0 /* MainCoordinator.swift */,
				18C549992B979EE000AAACE0 /* HomeCoordinator.swift */,
				18C5499B2B97A15700AAACE0 /* SearchCoordinator.swift */,
				18C5499D2B97A16500AAACE0 /* FavoritesCoordinator.swift */,
				18C5499F2B97A17500AAACE0 /* ProfileCoordinator.swift */,
			);
			path = Main;
			sourceTree = "<group>";
		};
		18C549A12B983B6400AAACE0 /* Coordinator */ = {
			isa = PBXGroup;
			children = (
				18C549A62B983E4F00AAACE0 /* Guest */,
				18C549982B979ED400AAACE0 /* Main */,
				18C549822B97898600AAACE0 /* Coordinator.swift */,
				18C549842B9789F600AAACE0 /* BaseCoordinator.swift */,
				18C5498D2B9794F300AAACE0 /* AppCoordinator.swift */,
			);
			path = Coordinator;
			sourceTree = "<group>";
		};
		18C549A62B983E4F00AAACE0 /* Guest */ = {
			isa = PBXGroup;
			children = (
				18C549922B9796C600AAACE0 /* GuestFlowCoordinator.swift */,
				18C549A42B983E3C00AAACE0 /* AuthenticationDelegate.swift */,
			);
			path = Guest;
			sourceTree = "<group>";
		};
		18C549AD2B9846FC00AAACE0 /* Networking */ = {
			isa = PBXGroup;
			children = (
				18C549AB2B9841B100AAACE0 /* Endpoints.swift */,
				18C549A92B983EA800AAACE0 /* NetworkService.swift */,
				18C549A72B983E9400AAACE0 /* AlamofireNetworkService.swift */,
			);
			path = Networking;
			sourceTree = "<group>";
		};
		18EAC9412B6794F200982741 = {
			isa = PBXGroup;
			children = (
				18EAC94C2B6794F200982741 /* Ozinshe */,
				18EAC94B2B6794F200982741 /* Products */,
				FD9BD0851779DC0DC8EED527 /* Pods */,
				9C419BC0FC9EEA691F5640BA /* Frameworks */,
			);
			sourceTree = "<group>";
		};
		18EAC94B2B6794F200982741 /* Products */ = {
			isa = PBXGroup;
			children = (
				18EAC94A2B6794F200982741 /* Ozinshe.app */,
			);
			name = Products;
			sourceTree = "<group>";
		};
		18EAC94C2B6794F200982741 /* Ozinshe */ = {
			isa = PBXGroup;
			children = (
				18EAC9612B67959700982741 /* Application */,
				18EAC9622B6795C200982741 /* Resources */,
				18C549812B97897C00AAACE0 /* Navigation */,
				18EAC99F2B682E0200982741 /* Services */,
				18C549AD2B9846FC00AAACE0 /* Networking */,
				18EAC96A2B679A4000982741 /* Protocols */,
				18EAC96D2B679B2500982741 /* Extensions */,
				18EAC9672B67983000982741 /* Models */,
				18C5498F2B97960600AAACE0 /* ViewModels */,
				18EAC9632B6797A900982741 /* Controllers */,
				18EAC97D2B67B84600982741 /* Components */,
				18EAC95B2B6794F300982741 /* Info.plist */,
			);
			path = Ozinshe;
			sourceTree = "<group>";
		};
		18EAC9612B67959700982741 /* Application */ = {
			isa = PBXGroup;
			children = (
				18EAC94D2B6794F200982741 /* AppDelegate.swift */,
				18EAC94F2B6794F200982741 /* SceneDelegate.swift */,
				18C549A22B983CC200AAACE0 /* DependencyHelper.swift */,
			);
			path = Application;
			sourceTree = "<group>";
		};
		18EAC9622B6795C200982741 /* Resources */ = {
			isa = PBXGroup;
			children = (
				18EAC96E2B679B3100982741 /* Fonts */,
				18EAC9582B6794F300982741 /* LaunchScreen.storyboard */,
				18EAC9562B6794F300982741 /* Assets.xcassets */,
			);
			path = Resources;
			sourceTree = "<group>";
		};
		18EAC9632B6797A900982741 /* Controllers */ = {
			isa = PBXGroup;
			children = (
				18EAC99A2B680E5D00982741 /* Home */,
				18EAC9972B680E4200982741 /* Search */,
				18EAC9942B680E2700982741 /* Favorites */,
				18EAC9912B680E1300982741 /* Profile */,
				18EAC9822B67C47F00982741 /* Authentication */,
				18EAC9642B6797B700982741 /* Onboarding */,
			);
			path = Controllers;
			sourceTree = "<group>";
		};
		18EAC9642B6797B700982741 /* Onboarding */ = {
			isa = PBXGroup;
			children = (
				18EAC9512B6794F200982741 /* OnboardingViewController.swift */,
				18EAC9652B6797C500982741 /* OnboardingCell.swift */,
			);
			path = Onboarding;
			sourceTree = "<group>";
		};
		18EAC9672B67983000982741 /* Models */ = {
			isa = PBXGroup;
			children = (
				18EAC9682B67983B00982741 /* OnboardingItem.swift */,
			);
			path = Models;
			sourceTree = "<group>";
		};
		18EAC96A2B679A4000982741 /* Protocols */ = {
			isa = PBXGroup;
			children = (
				18EAC96B2B679A4000982741 /* ReusableCell.swift */,
				18C5498B2B97944B00AAACE0 /* NavigationController.swift */,
			);
			path = Protocols;
			sourceTree = "<group>";
		};
		18EAC96D2B679B2500982741 /* Extensions */ = {
			isa = PBXGroup;
			children = (
				18EAC9792B679B9500982741 /* UIFont+Extension.swift */,
				18EAC97B2B679E6800982741 /* UIView+Extension.swift */,
				18EAC9802B67C05500982741 /* NSObject+Extension.swift */,
				18EAC98B2B67D6B800982741 /* UIStackView+Extension.swift */,
			);
			path = Extensions;
			sourceTree = "<group>";
		};
		18EAC96E2B679B3100982741 /* Fonts */ = {
			isa = PBXGroup;
			children = (
				18EAC9712B679B8200982741 /* SF-Pro-Display-Bold.otf */,
				18EAC9722B679B8200982741 /* SF-Pro-Display-Light.otf */,
				18EAC96F2B679B8200982741 /* SF-Pro-Display-Medium.otf */,
				18EAC9732B679B8200982741 /* SF-Pro-Display-Regular.otf */,
				18EAC9702B679B8200982741 /* SF-Pro-Display-Semibold.otf */,
			);
			path = Fonts;
			sourceTree = "<group>";
		};
		18EAC97D2B67B84600982741 /* Components */ = {
			isa = PBXGroup;
			children = (
				18EAC97E2B67B85200982741 /* BaseButton.swift */,
				18EAC9872B67CACC00982741 /* TextField.swift */,
				18EAC9892B67CED700982741 /* TextFieldView.swift */,
			);
			path = Components;
			sourceTree = "<group>";
		};
		18EAC9822B67C47F00982741 /* Authentication */ = {
			isa = PBXGroup;
			children = (
				18EAC9832B67C48D00982741 /* LoginViewController.swift */,
				18EAC98D2B67DE3300982741 /* RegistrationViewController.swift */,
			);
			path = Authentication;
			sourceTree = "<group>";
		};
		18EAC9912B680E1300982741 /* Profile */ = {
			isa = PBXGroup;
			children = (
				18EAC9922B680E1C00982741 /* ProfileViewController.swift */,
				18EAC9A22B68306300982741 /* LogoutModalViewController.swift */,
			);
			path = Profile;
			sourceTree = "<group>";
		};
		18EAC9942B680E2700982741 /* Favorites */ = {
			isa = PBXGroup;
			children = (
				18EAC9952B680E3300982741 /* FavoritesViewController.swift */,
			);
			path = Favorites;
			sourceTree = "<group>";
		};
		18EAC9972B680E4200982741 /* Search */ = {
			isa = PBXGroup;
			children = (
				18EAC9982B680E4B00982741 /* SearchViewController.swift */,
			);
			path = Search;
			sourceTree = "<group>";
		};
		18EAC99A2B680E5D00982741 /* Home */ = {
			isa = PBXGroup;
			children = (
				18EAC99B2B680E6600982741 /* HomeViewController.swift */,
			);
			path = Home;
			sourceTree = "<group>";
		};
		18EAC99F2B682E0200982741 /* Services */ = {
			isa = PBXGroup;
			children = (
				18EAC9A02B682E1400982741 /* AuthenticationService.swift */,
			);
			path = Services;
			sourceTree = "<group>";
		};
		9C419BC0FC9EEA691F5640BA /* Frameworks */ = {
			isa = PBXGroup;
			children = (
				7E6E3E051D81757F924EF4A2 /* Pods_Ozinshe.framework */,
			);
			name = Frameworks;
			sourceTree = "<group>";
		};
		FD9BD0851779DC0DC8EED527 /* Pods */ = {
			isa = PBXGroup;
			children = (
				C4C885B44E76413FB8023239 /* Pods-Ozinshe.debug.xcconfig */,
				1EF6335EF333F177CEBB4514 /* Pods-Ozinshe.release.xcconfig */,
			);
			path = Pods;
			sourceTree = "<group>";
		};
/* End PBXGroup section */

/* Begin PBXNativeTarget section */
		18EAC9492B6794F200982741 /* Ozinshe */ = {
			isa = PBXNativeTarget;
			buildConfigurationList = 18EAC95E2B6794F300982741 /* Build configuration list for PBXNativeTarget "Ozinshe" */;
			buildPhases = (
				8CBC9BFFE3A36930B7ABF550 /* [CP] Check Pods Manifest.lock */,
				18EAC9462B6794F200982741 /* Sources */,
				18EAC9472B6794F200982741 /* Frameworks */,
				18EAC9482B6794F200982741 /* Resources */,
				BBD119C503355694C22C61EE /* [CP] Embed Pods Frameworks */,
			);
			buildRules = (
			);
			dependencies = (
			);
			name = Ozinshe;
			productName = Ozinshe;
			productReference = 18EAC94A2B6794F200982741 /* Ozinshe.app */;
			productType = "com.apple.product-type.application";
		};
/* End PBXNativeTarget section */

/* Begin PBXProject section */
		18EAC9422B6794F200982741 /* Project object */ = {
			isa = PBXProject;
			attributes = {
				BuildIndependentTargetsInParallel = 1;
				LastSwiftUpdateCheck = 1520;
				LastUpgradeCheck = 1520;
				TargetAttributes = {
					18EAC9492B6794F200982741 = {
						CreatedOnToolsVersion = 15.2;
					};
				};
			};
			buildConfigurationList = 18EAC9452B6794F200982741 /* Build configuration list for PBXProject "Ozinshe" */;
			compatibilityVersion = "Xcode 14.0";
			developmentRegion = en;
			hasScannedForEncodings = 0;
			knownRegions = (
				en,
				Base,
			);
			mainGroup = 18EAC9412B6794F200982741;
			productRefGroup = 18EAC94B2B6794F200982741 /* Products */;
			projectDirPath = "";
			projectRoot = "";
			targets = (
				18EAC9492B6794F200982741 /* Ozinshe */,
			);
		};
/* End PBXProject section */

/* Begin PBXResourcesBuildPhase section */
		18EAC9482B6794F200982741 /* Resources */ = {
			isa = PBXResourcesBuildPhase;
			buildActionMask = 2147483647;
			files = (
				18EAC9752B679B8200982741 /* SF-Pro-Display-Semibold.otf in Resources */,
				18EAC9762B679B8200982741 /* SF-Pro-Display-Bold.otf in Resources */,
				18EAC9742B679B8200982741 /* SF-Pro-Display-Medium.otf in Resources */,
				18EAC95A2B6794F300982741 /* LaunchScreen.storyboard in Resources */,
				18EAC9772B679B8200982741 /* SF-Pro-Display-Light.otf in Resources */,
				18EAC9782B679B8200982741 /* SF-Pro-Display-Regular.otf in Resources */,
				18EAC9572B6794F300982741 /* Assets.xcassets in Resources */,
			);
			runOnlyForDeploymentPostprocessing = 0;
		};
/* End PBXResourcesBuildPhase section */

/* Begin PBXShellScriptBuildPhase section */
		8CBC9BFFE3A36930B7ABF550 /* [CP] Check Pods Manifest.lock */ = {
			isa = PBXShellScriptBuildPhase;
			buildActionMask = 2147483647;
			files = (
			);
			inputFileListPaths = (
			);
			inputPaths = (
				"${PODS_PODFILE_DIR_PATH}/Podfile.lock",
				"${PODS_ROOT}/Manifest.lock",
			);
			name = "[CP] Check Pods Manifest.lock";
			outputFileListPaths = (
			);
			outputPaths = (
				"$(DERIVED_FILE_DIR)/Pods-Ozinshe-checkManifestLockResult.txt",
			);
			runOnlyForDeploymentPostprocessing = 0;
			shellPath = /bin/sh;
			shellScript = "diff \"${PODS_PODFILE_DIR_PATH}/Podfile.lock\" \"${PODS_ROOT}/Manifest.lock\" > /dev/null\nif [ $? != 0 ] ; then\n    # print error to STDERR\n    echo \"error: The sandbox is not in sync with the Podfile.lock. Run 'pod install' or update your CocoaPods installation.\" >&2\n    exit 1\nfi\n# This output is used by Xcode 'outputs' to avoid re-running this script phase.\necho \"SUCCESS\" > \"${SCRIPT_OUTPUT_FILE_0}\"\n";
			showEnvVarsInLog = 0;
		};
		BBD119C503355694C22C61EE /* [CP] Embed Pods Frameworks */ = {
			isa = PBXShellScriptBuildPhase;
			buildActionMask = 2147483647;
			files = (
			);
			inputFileListPaths = (
				"${PODS_ROOT}/Target Support Files/Pods-Ozinshe/Pods-Ozinshe-frameworks-${CONFIGURATION}-input-files.xcfilelist",
			);
			name = "[CP] Embed Pods Frameworks";
			outputFileListPaths = (
				"${PODS_ROOT}/Target Support Files/Pods-Ozinshe/Pods-Ozinshe-frameworks-${CONFIGURATION}-output-files.xcfilelist",
			);
			runOnlyForDeploymentPostprocessing = 0;
			shellPath = /bin/sh;
			shellScript = "\"${PODS_ROOT}/Target Support Files/Pods-Ozinshe/Pods-Ozinshe-frameworks.sh\"\n";
			showEnvVarsInLog = 0;
		};
/* End PBXShellScriptBuildPhase section */

/* Begin PBXSourcesBuildPhase section */
		18EAC9462B6794F200982741 /* Sources */ = {
			isa = PBXSourcesBuildPhase;
			buildActionMask = 2147483647;
			files = (
				18EAC97A2B679B9500982741 /* UIFont+Extension.swift in Sources */,
				18EAC9522B6794F200982741 /* OnboardingViewController.swift in Sources */,
				18EAC9882B67CACC00982741 /* TextField.swift in Sources */,
				18EAC97C2B679E6800982741 /* UIView+Extension.swift in Sources */,
				18C5498C2B97944B00AAACE0 /* NavigationController.swift in Sources */,
				18EAC99C2B680E6600982741 /* HomeViewController.swift in Sources */,
				18EAC94E2B6794F200982741 /* AppDelegate.swift in Sources */,
				18EAC9932B680E1C00982741 /* ProfileViewController.swift in Sources */,
				18C549A02B97A17500AAACE0 /* ProfileCoordinator.swift in Sources */,
				18C549832B97898600AAACE0 /* Coordinator.swift in Sources */,
				18EAC97F2B67B85200982741 /* BaseButton.swift in Sources */,
				18C5498A2B9792B500AAACE0 /* DefaultRouter.swift in Sources */,
				18EAC9812B67C05500982741 /* NSObject+Extension.swift in Sources */,
				18C5499C2B97A15700AAACE0 /* SearchCoordinator.swift in Sources */,
				18C549A52B983E3C00AAACE0 /* AuthenticationDelegate.swift in Sources */,
				18C549882B97918C00AAACE0 /* Router.swift in Sources */,
				18EAC9992B680E4B00982741 /* SearchViewController.swift in Sources */,
				18C549A32B983CC200AAACE0 /* DependencyHelper.swift in Sources */,
				18EAC9962B680E3300982741 /* FavoritesViewController.swift in Sources */,
				18C549912B97960F00AAACE0 /* OnboardingViewModel.swift in Sources */,
				18EAC9A32B68306300982741 /* LogoutModalViewController.swift in Sources */,
				18C549852B9789F600AAACE0 /* BaseCoordinator.swift in Sources */,
				18C549932B9796C600AAACE0 /* GuestFlowCoordinator.swift in Sources */,
				18C549972B979E0E00AAACE0 /* MainCoordinator.swift in Sources */,
				18EAC98C2B67D6B800982741 /* UIStackView+Extension.swift in Sources */,
				18C549A82B983E9400AAACE0 /* AlamofireNetworkService.swift in Sources */,
				18EAC98A2B67CED700982741 /* TextFieldView.swift in Sources */,
				18C5498E2B9794F300AAACE0 /* AppCoordinator.swift in Sources */,
				18C549AC2B9841B100AAACE0 /* Endpoints.swift in Sources */,
				18EAC9A12B682E1400982741 /* AuthenticationService.swift in Sources */,
				18EAC98E2B67DE3300982741 /* RegistrationViewController.swift in Sources */,
				18EAC96C2B679A4000982741 /* ReusableCell.swift in Sources */,
				18EAC9692B67983B00982741 /* OnboardingItem.swift in Sources */,
				18EAC9662B6797C500982741 /* OnboardingCell.swift in Sources */,
				18C5499A2B979EE000AAACE0 /* HomeCoordinator.swift in Sources */,
				18C549AA2B983EA800AAACE0 /* NetworkService.swift in Sources */,
				18EAC9502B6794F200982741 /* SceneDelegate.swift in Sources */,
				18C5499E2B97A16500AAACE0 /* FavoritesCoordinator.swift in Sources */,
				18EAC9842B67C48D00982741 /* LoginViewController.swift in Sources */,
			);
			runOnlyForDeploymentPostprocessing = 0;
		};
/* End PBXSourcesBuildPhase section */

/* Begin PBXVariantGroup section */
		18EAC9582B6794F300982741 /* LaunchScreen.storyboard */ = {
			isa = PBXVariantGroup;
			children = (
				18EAC9592B6794F300982741 /* Base */,
			);
			name = LaunchScreen.storyboard;
			sourceTree = "<group>";
		};
/* End PBXVariantGroup section */

/* Begin XCBuildConfiguration section */
		18EAC95C2B6794F300982741 /* Debug */ = {
			isa = XCBuildConfiguration;
			buildSettings = {
				ALWAYS_SEARCH_USER_PATHS = NO;
				ASSETCATALOG_COMPILER_GENERATE_SWIFT_ASSET_SYMBOL_EXTENSIONS = YES;
				CLANG_ANALYZER_NONNULL = YES;
				CLANG_ANALYZER_NUMBER_OBJECT_CONVERSION = YES_AGGRESSIVE;
				CLANG_CXX_LANGUAGE_STANDARD = "gnu++20";
				CLANG_ENABLE_MODULES = YES;
				CLANG_ENABLE_OBJC_ARC = YES;
				CLANG_ENABLE_OBJC_WEAK = YES;
				CLANG_WARN_BLOCK_CAPTURE_AUTORELEASING = YES;
				CLANG_WARN_BOOL_CONVERSION = YES;
				CLANG_WARN_COMMA = YES;
				CLANG_WARN_CONSTANT_CONVERSION = YES;
				CLANG_WARN_DEPRECATED_OBJC_IMPLEMENTATIONS = YES;
				CLANG_WARN_DIRECT_OBJC_ISA_USAGE = YES_ERROR;
				CLANG_WARN_DOCUMENTATION_COMMENTS = YES;
				CLANG_WARN_EMPTY_BODY = YES;
				CLANG_WARN_ENUM_CONVERSION = YES;
				CLANG_WARN_INFINITE_RECURSION = YES;
				CLANG_WARN_INT_CONVERSION = YES;
				CLANG_WARN_NON_LITERAL_NULL_CONVERSION = YES;
				CLANG_WARN_OBJC_IMPLICIT_RETAIN_SELF = YES;
				CLANG_WARN_OBJC_LITERAL_CONVERSION = YES;
				CLANG_WARN_OBJC_ROOT_CLASS = YES_ERROR;
				CLANG_WARN_QUOTED_INCLUDE_IN_FRAMEWORK_HEADER = YES;
				CLANG_WARN_RANGE_LOOP_ANALYSIS = YES;
				CLANG_WARN_STRICT_PROTOTYPES = YES;
				CLANG_WARN_SUSPICIOUS_MOVE = YES;
				CLANG_WARN_UNGUARDED_AVAILABILITY = YES_AGGRESSIVE;
				CLANG_WARN_UNREACHABLE_CODE = YES;
				CLANG_WARN__DUPLICATE_METHOD_MATCH = YES;
				COPY_PHASE_STRIP = NO;
				DEBUG_INFORMATION_FORMAT = dwarf;
				ENABLE_STRICT_OBJC_MSGSEND = YES;
				ENABLE_TESTABILITY = YES;
				ENABLE_USER_SCRIPT_SANDBOXING = YES;
				GCC_C_LANGUAGE_STANDARD = gnu17;
				GCC_DYNAMIC_NO_PIC = NO;
				GCC_NO_COMMON_BLOCKS = YES;
				GCC_OPTIMIZATION_LEVEL = 0;
				GCC_PREPROCESSOR_DEFINITIONS = (
					"DEBUG=1",
					"$(inherited)",
				);
				GCC_WARN_64_TO_32_BIT_CONVERSION = YES;
				GCC_WARN_ABOUT_RETURN_TYPE = YES_ERROR;
				GCC_WARN_UNDECLARED_SELECTOR = YES;
				GCC_WARN_UNINITIALIZED_AUTOS = YES_AGGRESSIVE;
				GCC_WARN_UNUSED_FUNCTION = YES;
				GCC_WARN_UNUSED_VARIABLE = YES;
				IPHONEOS_DEPLOYMENT_TARGET = 17.2;
				LOCALIZATION_PREFERS_STRING_CATALOGS = YES;
				MTL_ENABLE_DEBUG_INFO = INCLUDE_SOURCE;
				MTL_FAST_MATH = YES;
				ONLY_ACTIVE_ARCH = YES;
				SDKROOT = iphoneos;
				SWIFT_ACTIVE_COMPILATION_CONDITIONS = "DEBUG $(inherited)";
				SWIFT_OPTIMIZATION_LEVEL = "-Onone";
			};
			name = Debug;
		};
		18EAC95D2B6794F300982741 /* Release */ = {
			isa = XCBuildConfiguration;
			buildSettings = {
				ALWAYS_SEARCH_USER_PATHS = NO;
				ASSETCATALOG_COMPILER_GENERATE_SWIFT_ASSET_SYMBOL_EXTENSIONS = YES;
				CLANG_ANALYZER_NONNULL = YES;
				CLANG_ANALYZER_NUMBER_OBJECT_CONVERSION = YES_AGGRESSIVE;
				CLANG_CXX_LANGUAGE_STANDARD = "gnu++20";
				CLANG_ENABLE_MODULES = YES;
				CLANG_ENABLE_OBJC_ARC = YES;
				CLANG_ENABLE_OBJC_WEAK = YES;
				CLANG_WARN_BLOCK_CAPTURE_AUTORELEASING = YES;
				CLANG_WARN_BOOL_CONVERSION = YES;
				CLANG_WARN_COMMA = YES;
				CLANG_WARN_CONSTANT_CONVERSION = YES;
				CLANG_WARN_DEPRECATED_OBJC_IMPLEMENTATIONS = YES;
				CLANG_WARN_DIRECT_OBJC_ISA_USAGE = YES_ERROR;
				CLANG_WARN_DOCUMENTATION_COMMENTS = YES;
				CLANG_WARN_EMPTY_BODY = YES;
				CLANG_WARN_ENUM_CONVERSION = YES;
				CLANG_WARN_INFINITE_RECURSION = YES;
				CLANG_WARN_INT_CONVERSION = YES;
				CLANG_WARN_NON_LITERAL_NULL_CONVERSION = YES;
				CLANG_WARN_OBJC_IMPLICIT_RETAIN_SELF = YES;
				CLANG_WARN_OBJC_LITERAL_CONVERSION = YES;
				CLANG_WARN_OBJC_ROOT_CLASS = YES_ERROR;
				CLANG_WARN_QUOTED_INCLUDE_IN_FRAMEWORK_HEADER = YES;
				CLANG_WARN_RANGE_LOOP_ANALYSIS = YES;
				CLANG_WARN_STRICT_PROTOTYPES = YES;
				CLANG_WARN_SUSPICIOUS_MOVE = YES;
				CLANG_WARN_UNGUARDED_AVAILABILITY = YES_AGGRESSIVE;
				CLANG_WARN_UNREACHABLE_CODE = YES;
				CLANG_WARN__DUPLICATE_METHOD_MATCH = YES;
				COPY_PHASE_STRIP = NO;
				DEBUG_INFORMATION_FORMAT = "dwarf-with-dsym";
				ENABLE_NS_ASSERTIONS = NO;
				ENABLE_STRICT_OBJC_MSGSEND = YES;
				ENABLE_USER_SCRIPT_SANDBOXING = YES;
				GCC_C_LANGUAGE_STANDARD = gnu17;
				GCC_NO_COMMON_BLOCKS = YES;
				GCC_WARN_64_TO_32_BIT_CONVERSION = YES;
				GCC_WARN_ABOUT_RETURN_TYPE = YES_ERROR;
				GCC_WARN_UNDECLARED_SELECTOR = YES;
				GCC_WARN_UNINITIALIZED_AUTOS = YES_AGGRESSIVE;
				GCC_WARN_UNUSED_FUNCTION = YES;
				GCC_WARN_UNUSED_VARIABLE = YES;
				IPHONEOS_DEPLOYMENT_TARGET = 17.2;
				LOCALIZATION_PREFERS_STRING_CATALOGS = YES;
				MTL_ENABLE_DEBUG_INFO = NO;
				MTL_FAST_MATH = YES;
				SDKROOT = iphoneos;
				SWIFT_COMPILATION_MODE = wholemodule;
				VALIDATE_PRODUCT = YES;
			};
			name = Release;
		};
		18EAC95F2B6794F300982741 /* Debug */ = {
			isa = XCBuildConfiguration;
			baseConfigurationReference = C4C885B44E76413FB8023239 /* Pods-Ozinshe.debug.xcconfig */;
			buildSettings = {
				ASSETCATALOG_COMPILER_APPICON_NAME = AppIcon;
				ASSETCATALOG_COMPILER_GLOBAL_ACCENT_COLOR_NAME = AccentColor;
				CODE_SIGN_STYLE = Automatic;
				CURRENT_PROJECT_VERSION = 1;
				DEVELOPMENT_TEAM = UXXC2M2SGN;
				ENABLE_USER_SCRIPT_SANDBOXING = NO;
				GENERATE_INFOPLIST_FILE = YES;
				INFOPLIST_FILE = Ozinshe/Info.plist;
				INFOPLIST_KEY_CFBundleDisplayName = "ÖZINŞE";
				INFOPLIST_KEY_LSApplicationCategoryType = "public.app-category.entertainment";
				INFOPLIST_KEY_UIApplicationSupportsIndirectInputEvents = YES;
				INFOPLIST_KEY_UILaunchStoryboardName = LaunchScreen.storyboard;
				INFOPLIST_KEY_UIMainStoryboardFile = "";
				INFOPLIST_KEY_UIStatusBarHidden = YES;
				INFOPLIST_KEY_UISupportedInterfaceOrientations = UIInterfaceOrientationPortrait;
				INFOPLIST_KEY_UISupportedInterfaceOrientations_iPad = "UIInterfaceOrientationLandscapeLeft UIInterfaceOrientationLandscapeRight UIInterfaceOrientationPortrait UIInterfaceOrientationPortraitUpsideDown";
				IPHONEOS_DEPLOYMENT_TARGET = 15.0;
				LD_RUNPATH_SEARCH_PATHS = (
					"$(inherited)",
					"@executable_path/Frameworks",
				);
				MARKETING_VERSION = 0.0.1;
				PRODUCT_BUNDLE_IDENTIFIER = nm.Ozinshe;
				PRODUCT_NAME = "$(TARGET_NAME)";
				SUPPORTED_PLATFORMS = "iphoneos iphonesimulator";
				SUPPORTS_MACCATALYST = NO;
				SUPPORTS_MAC_DESIGNED_FOR_IPHONE_IPAD = NO;
				SUPPORTS_XR_DESIGNED_FOR_IPHONE_IPAD = NO;
				SWIFT_EMIT_LOC_STRINGS = YES;
				SWIFT_VERSION = 5.0;
				TARGETED_DEVICE_FAMILY = 1;
			};
			name = Debug;
		};
		18EAC9602B6794F300982741 /* Release */ = {
			isa = XCBuildConfiguration;
			baseConfigurationReference = 1EF6335EF333F177CEBB4514 /* Pods-Ozinshe.release.xcconfig */;
			buildSettings = {
				ASSETCATALOG_COMPILER_APPICON_NAME = AppIcon;
				ASSETCATALOG_COMPILER_GLOBAL_ACCENT_COLOR_NAME = AccentColor;
				CODE_SIGN_STYLE = Automatic;
				CURRENT_PROJECT_VERSION = 1;
				DEVELOPMENT_TEAM = UXXC2M2SGN;
				ENABLE_USER_SCRIPT_SANDBOXING = NO;
				GENERATE_INFOPLIST_FILE = YES;
				INFOPLIST_FILE = Ozinshe/Info.plist;
				INFOPLIST_KEY_CFBundleDisplayName = "ÖZINŞE";
				INFOPLIST_KEY_LSApplicationCategoryType = "public.app-category.entertainment";
				INFOPLIST_KEY_UIApplicationSupportsIndirectInputEvents = YES;
				INFOPLIST_KEY_UILaunchStoryboardName = LaunchScreen.storyboard;
				INFOPLIST_KEY_UIMainStoryboardFile = "";
				INFOPLIST_KEY_UIStatusBarHidden = YES;
				INFOPLIST_KEY_UISupportedInterfaceOrientations = UIInterfaceOrientationPortrait;
				INFOPLIST_KEY_UISupportedInterfaceOrientations_iPad = "UIInterfaceOrientationLandscapeLeft UIInterfaceOrientationLandscapeRight UIInterfaceOrientationPortrait UIInterfaceOrientationPortraitUpsideDown";
				IPHONEOS_DEPLOYMENT_TARGET = 15.0;
				LD_RUNPATH_SEARCH_PATHS = (
					"$(inherited)",
					"@executable_path/Frameworks",
				);
				MARKETING_VERSION = 0.0.1;
				PRODUCT_BUNDLE_IDENTIFIER = nm.Ozinshe;
				PRODUCT_NAME = "$(TARGET_NAME)";
				SUPPORTED_PLATFORMS = "iphoneos iphonesimulator";
				SUPPORTS_MACCATALYST = NO;
				SUPPORTS_MAC_DESIGNED_FOR_IPHONE_IPAD = NO;
				SUPPORTS_XR_DESIGNED_FOR_IPHONE_IPAD = NO;
				SWIFT_EMIT_LOC_STRINGS = YES;
				SWIFT_VERSION = 5.0;
				TARGETED_DEVICE_FAMILY = 1;
			};
			name = Release;
		};
/* End XCBuildConfiguration section */

/* Begin XCConfigurationList section */
		18EAC9452B6794F200982741 /* Build configuration list for PBXProject "Ozinshe" */ = {
			isa = XCConfigurationList;
			buildConfigurations = (
				18EAC95C2B6794F300982741 /* Debug */,
				18EAC95D2B6794F300982741 /* Release */,
			);
			defaultConfigurationIsVisible = 0;
			defaultConfigurationName = Release;
		};
		18EAC95E2B6794F300982741 /* Build configuration list for PBXNativeTarget "Ozinshe" */ = {
			isa = XCConfigurationList;
			buildConfigurations = (
				18EAC95F2B6794F300982741 /* Debug */,
				18EAC9602B6794F300982741 /* Release */,
			);
			defaultConfigurationIsVisible = 0;
			defaultConfigurationName = Release;
		};
/* End XCConfigurationList section */
	};
	rootObject = 18EAC9422B6794F200982741 /* Project object */;
}
