PODS:
  - AdvancedPageControl (0.9.0)
  - Alamofire (5.8.1)
  - IQKeyboardManagerSwift (7.0.1)
  - KeychainSwift (20.0.0)
  - PanModal (1.2.7)
  - SnapKit (5.6.0)
  - SVProgressHUD (2.3.1):
    - SVProgressHUD/Core (= 2.3.1)
  - SVProgressHUD/Core (2.3.1)
  - SwiftyJSON (5.0.1)
  - Swinject (2.8.3)

DEPENDENCIES:
  - AdvancedPageControl
  - Alamofire
  - IQKeyboardManagerSwift
  - KeychainSwift
  - PanModal
  - SnapKit
  - SVProgressHUD
  - SwiftyJSON
  - Swinject

SPEC REPOS:
  trunk:
    - AdvancedPageControl
    - Alamofire
    - IQKeyboardManagerSwift
    - KeychainSwift
    - PanModal
    - SnapKit
    - SVProgressHUD
    - SwiftyJSON
    - Swinject

SPEC CHECKSUMS:
  AdvancedPageControl: 39e3b32b00b2d324c534f8e17cc6c5be9abe84b7
  Alamofire: 3ca42e259043ee0dc5c0cdd76c4bc568b8e42af7
  IQKeyboardManagerSwift: 7f6b1b1d1497855d2beea7f2f10ffcc6978525b1
  KeychainSwift: 0ce6a4d13f7228054d1a71bb1b500448fb2ab837
  PanModal: 3e16ead1a907fb06f4df3f13492fd00149fa4974
  SnapKit: e01d52ebb8ddbc333eefe2132acf85c8227d9c25
  SVProgressHUD: 4837c74bdfe2e51e8821c397825996a8d7de6e22
  SwiftyJSON: 2f33a42c6fbc52764d96f13368585094bfd8aa5e
  Swinject: 893c9a543000ac2f10ee4cbaf0933c6992c935d5

PODFILE CHECKSUM: d63e65c38b995efda10cfc25bad5e53ef847dc2a

COCOAPODS: 1.14.3
